<?xml version="1.0" encoding="utf-8"?>
<Project ToolsVersion="4.0" xmlns="http://schemas.microsoft.com/developer/msbuild/2003">
  <ItemGroup>
    <Filter Include="源文件">
      <UniqueIdentifier>{4FC737F1-C7A5-4376-A066-2A32D752A2FF}</UniqueIdentifier>
      <Extensions>cpp;c;cc;cxx;c++;cppm;ixx;def;odl;idl;hpj;bat;asm;asmx</Extensions>
    </Filter>
    <Filter Include="头文件">
      <UniqueIdentifier>{93995380-89BD-4b04-88EB-625FBE52EBFB}</UniqueIdentifier>
      <Extensions>h;hh;hpp;hxx;h++;hm;inl;inc;ipp;xsd</Extensions>
    </Filter>
    <Filter Include="资源文件">
      <UniqueIdentifier>{67DA6AB6-F800-4c08-8B7A-83BB121AAD01}</UniqueIdentifier>
      <Extensions>rc;ico;cur;bmp;dlg;rc2;rct;bin;rgs;gif;jpg;jpeg;jpe;resx;tiff;tif;png;wav;mfcribbon-ms</Extensions>
    </Filter>
  </ItemGroup>
  <ItemGroup>
    <ClCompile Include="while.c">
      <Filter>源文件</Filter>
    </ClCompile>
    <ClCompile Include="do while.c">
      <Filter>源文件</Filter>
    </ClCompile>
    <ClCompile Include="二分法查找元素.c">
      <Filter>源文件</Filter>
    </ClCompile>
    <ClCompile Include="从两端向中间逐个替换打印.c">
      <Filter>源文件</Filter>
    </ClCompile>
    <ClCompile Include="模拟登录.c">
      <Filter>源文件</Filter>
    </ClCompile>
    <ClCompile Include="猜数字.c">
      <Filter>源文件</Filter>
    </ClCompile>
    <ClCompile Include="猜数字[盲敲].c">
      <Filter>源文件</Filter>
    </ClCompile>
    <ClCompile Include="最大公约数.1.c">
      <Filter>源文件</Filter>
    </ClCompile>
    <ClCompile Include="最大公约数.2.c">
      <Filter>源文件</Filter>
    </ClCompile>
    <ClCompile Include="最大公约数.best.c">
      <Filter>源文件</Filter>
    </ClCompile>
    <ClCompile Include="关机.goto.c">
      <Filter>源文件</Filter>
    </ClCompile>
    <ClCompile Include="关机.while.c">
      <Filter>源文件</Filter>
    </ClCompile>
    <ClCompile Include="计算闰年.1.c">
      <Filter>源文件</Filter>
    </ClCompile>
    <ClCompile Include="计算闰年.2.c">
      <Filter>源文件</Filter>
    </ClCompile>
    <ClCompile Include="二分查找.函数.c">
      <Filter>源文件</Filter>
    </ClCompile>
    <ClCompile Include="调用+1.函数.c">
      <Filter>源文件</Filter>
    </ClCompile>
    <ClCompile Include="函数的嵌套调用.c">
      <Filter>源文件</Filter>
    </ClCompile>
    <ClCompile Include="函数的链式访问.c">
      <Filter>源文件</Filter>
    </ClCompile>
    <ClCompile Include="test.c">
      <Filter>源文件</Filter>
    </ClCompile>
    <ClCompile Include="add.c">
      <Filter>源文件</Filter>
    </ClCompile>
  </ItemGroup>
  <ItemGroup>
    <ClInclude Include="add.h">
      <Filter>源文件</Filter>
    </ClInclude>
  </ItemGroup>
</Project>